
Microsoft Visual Studio Solution File, Format Version 12.00
# Visual Studio Version 17
VisualStudioVersion = 17.13.35825.156 d17.13
MinimumVisualStudioVersion = 10.0.40219.1
Project("{FAE04EC0-301F-11D3-BF4B-00C04F79EFBC}") = "PetPals_BackEnd_Group_9", "PetPals_BackEnd_Group_9.csproj", "{7302D727-026C-4E0D-9E8B-CA5B2C57DE0D}"
EndProject
Global
	GlobalSection(SolutionConfigurationPlatforms) = preSolution
		Debug|Any CPU = Debug|Any CPU
		Release|Any CPU = Release|Any CPU
	EndGlobalSection
	GlobalSection(ProjectConfigurationPlatforms) = postSolution
		{7302D727-026C-4E0D-9E8B-CA5B2C57DE0D}.Debug|Any CPU.ActiveCfg = Debug|Any CPU
		{7302D727-026C-4E0D-9E8B-CA5B2C57DE0D}.Debug|Any CPU.Build.0 = Debug|Any CPU
		{7302D727-026C-4E0D-9E8B-CA5B2C57DE0D}.Release|Any CPU.ActiveCfg = Release|Any CPU
		{7302D727-026C-4E0D-9E8B-CA5B2C57DE0D}.Release|Any CPU.Build.0 = Release|Any CPU
	EndGlobalSection
	GlobalSection(SolutionProperties) = preSolution
		HideSolutionNode = FALSE
	EndGlobalSection
	GlobalSection(ExtensibilityGlobals) = postSolution
		SolutionGuid = {FA572F91-F38E-4B23-AB9B-7CB36DDCA9DF}
	EndGlobalSection
EndGlobal
